
Microsoft Visual Studio Solution File, Format Version 12.00
# Visual Studio Version 17
VisualStudioVersion = 17.5.33502.453
MinimumVisualStudioVersion = 10.0.40219.1
Project("{FAE04EC0-301F-11D3-BF4B-00C04F79EFBC}") = "ExerciseIiterfaceHeritage", "ExerciseIiterfaceHeritage\ExerciseIiterfaceHeritage.csproj", "{0D533848-D307-46BA-B7A9-F60BD8CA3AF4}"
EndProject
Global
	GlobalSection(SolutionConfigurationPlatforms) = preSolution
		Debug|Any CPU = Debug|Any CPU
		Release|Any CPU = Release|Any CPU
	EndGlobalSection
	GlobalSection(ProjectConfigurationPlatforms) = postSolution
		{0D533848-D307-46BA-B7A9-F60BD8CA3AF4}.Debug|Any CPU.ActiveCfg = Debug|Any CPU
		{0D533848-D307-46BA-B7A9-F60BD8CA3AF4}.Debug|Any CPU.Build.0 = Debug|Any CPU
		{0D533848-D307-46BA-B7A9-F60BD8CA3AF4}.Release|Any CPU.ActiveCfg = Release|Any CPU
		{0D533848-D307-46BA-B7A9-F60BD8CA3AF4}.Release|Any CPU.Build.0 = Release|Any CPU
	EndGlobalSection
	GlobalSection(SolutionProperties) = preSolution
		HideSolutionNode = FALSE
	EndGlobalSection
	GlobalSection(ExtensibilityGlobals) = postSolution
		SolutionGuid = {D0704CBE-B55E-45EC-968D-F6DA37F6A88E}
	EndGlobalSection
EndGlobal
